PODS:
  - SVProgressHUD (2.3.1):
    - SVProgressHUD/Core (= 2.3.1)
  - SVProgressHUD/Core (2.3.1)
  - Toast (4.1.1)
  - XGCMain/XGCCategory (1.0.7):
    - SVProgressHUD
    - Toast
  - XGCMain/XGCMainBase (1.0.7):
    - SVProgressHUD
    - Toast
    - XGCMain/XGCThemeManager
  - XGCMain/XGCMainRoute (1.0.7):
    - SVProgressHUD
    - Toast
  - XGCMain/XGCThemeManager (1.0.7):
    - SVProgressHUD
    - Toast
    - XGCMain/XGCCategory
  - XGCMain/XGCURLManagerCenter (1.0.7):
    - SVProgressHUD
    - Toast
  - XGCMain/XGCWebView (1.0.7):
    - SVProgressHUD
    - Toast
    - XGCMain/XGCMainBase
    - XGCMain/XGCMainRoute
    - XGCMain/XGCURLManagerCenter
  - XGCScan (1.0.1):
    - XGCMain/XGCMainBase
    - XGCMain/XGCThemeManager
    - XGCMain/XGCWebView

DEPENDENCIES:
  - XGCScan (from `../`)

SPEC REPOS:
  https://github.com/ShannonCrazy/XGCMainSpecs.git:
    - XGCMain
  trunk:
    - SVProgressHUD
    - Toast

EXTERNAL SOURCES:
  XGCScan:
    :path: "../"

SPEC CHECKSUMS:
  SVProgressHUD: 4837c74bdfe2e51e8821c397825996a8d7de6e22
  Toast: 1f5ea13423a1e6674c4abdac5be53587ae481c4e
  XGCMain: 5a097dd90e937e48883de68cf64a7d54d4c87bcf
  XGCScan: fa2ef2d22cf3cb78e08051664ab73a391bb2a313

PODFILE CHECKSUM: 96f178d33367d4c8fa2f173357eaa66d805255cf

COCOAPODS: 1.15.2
